
Microsoft Visual Studio Solution File, Format Version 12.00
# Visual Studio 15
VisualStudioVersion = 15.0.28307.168
MinimumVisualStudioVersion = 10.0.40219.1
Project("{FAE04EC0-301F-11D3-BF4B-00C04F79EFBC}") = "RGmobile.Android", "RGmobile\RGmobile.Android\RGmobile.Android.csproj", "{D910814D-FCAF-4889-BDAF-052F13F87610}"
EndProject
Project("{FAE04EC0-301F-11D3-BF4B-00C04F79EFBC}") = "RGmobile.iOS", "RGmobile\RGmobile.iOS\RGmobile.iOS.csproj", "{81188573-CA17-40BD-8487-6E104F554122}"
EndProject
Project("{FAE04EC0-301F-11D3-BF4B-00C04F79EFBC}") = "RGmobile", "RGmobile\RGmobile\RGmobile.csproj", "{07ED642B-8A77-4F7A-BFE9-36B397EB822D}"
EndProject
Global
	GlobalSection(SolutionConfigurationPlatforms) = preSolution
		Ad-Hoc|Any CPU = Ad-Hoc|Any CPU
		Ad-Hoc|iPhone = Ad-Hoc|iPhone
		Ad-Hoc|iPhoneSimulator = Ad-Hoc|iPhoneSimulator
		AppStore|Any CPU = AppStore|Any CPU
		AppStore|iPhone = AppStore|iPhone
		AppStore|iPhoneSimulator = AppStore|iPhoneSimulator
		Debug|Any CPU = Debug|Any CPU
		Debug|iPhone = Debug|iPhone
		Debug|iPhoneSimulator = Debug|iPhoneSimulator
		Release|Any CPU = Release|Any CPU
		Release|iPhone = Release|iPhone
		Release|iPhoneSimulator = Release|iPhoneSimulator
	EndGlobalSection
	GlobalSection(ProjectConfigurationPlatforms) = postSolution
		{D910814D-FCAF-4889-BDAF-052F13F87610}.Ad-Hoc|Any CPU.ActiveCfg = Release|Any CPU
		{D910814D-FCAF-4889-BDAF-052F13F87610}.Ad-Hoc|Any CPU.Build.0 = Release|Any CPU
		{D910814D-FCAF-4889-BDAF-052F13F87610}.Ad-Hoc|Any CPU.Deploy.0 = Release|Any CPU
		{D910814D-FCAF-4889-BDAF-052F13F87610}.Ad-Hoc|iPhone.ActiveCfg = Release|Any CPU
		{D910814D-FCAF-4889-BDAF-052F13F87610}.Ad-Hoc|iPhone.Build.0 = Release|Any CPU
		{D910814D-FCAF-4889-BDAF-052F13F87610}.Ad-Hoc|iPhone.Deploy.0 = Release|Any CPU
		{D910814D-FCAF-4889-BDAF-052F13F87610}.Ad-Hoc|iPhoneSimulator.ActiveCfg = Release|Any CPU
		{D910814D-FCAF-4889-BDAF-052F13F87610}.Ad-Hoc|iPhoneSimulator.Build.0 = Release|Any CPU
		{D910814D-FCAF-4889-BDAF-052F13F87610}.Ad-Hoc|iPhoneSimulator.Deploy.0 = Release|Any CPU
		{D910814D-FCAF-4889-BDAF-052F13F87610}.AppStore|Any CPU.ActiveCfg = Release|Any CPU
		{D910814D-FCAF-4889-BDAF-052F13F87610}.AppStore|Any CPU.Build.0 = Release|Any CPU
		{D910814D-FCAF-4889-BDAF-052F13F87610}.AppStore|Any CPU.Deploy.0 = Release|Any CPU
		{D910814D-FCAF-4889-BDAF-052F13F87610}.AppStore|iPhone.ActiveCfg = Release|Any CPU
		{D910814D-FCAF-4889-BDAF-052F13F87610}.AppStore|iPhone.Build.0 = Release|Any CPU
		{D910814D-FCAF-4889-BDAF-052F13F87610}.AppStore|iPhone.Deploy.0 = Release|Any CPU
		{D910814D-FCAF-4889-BDAF-052F13F87610}.AppStore|iPhoneSimulator.ActiveCfg = Release|Any CPU
		{D910814D-FCAF-4889-BDAF-052F13F87610}.AppStore|iPhoneSimulator.Build.0 = Release|Any CPU
		{D910814D-FCAF-4889-BDAF-052F13F87610}.AppStore|iPhoneSimulator.Deploy.0 = Release|Any CPU
		{D910814D-FCAF-4889-BDAF-052F13F87610}.Debug|Any CPU.ActiveCfg = Debug|Any CPU
		{D910814D-FCAF-4889-BDAF-052F13F87610}.Debug|Any CPU.Build.0 = Debug|Any CPU
		{D910814D-FCAF-4889-BDAF-052F13F87610}.Debug|Any CPU.Deploy.0 = Debug|Any CPU
		{D910814D-FCAF-4889-BDAF-052F13F87610}.Debug|iPhone.ActiveCfg = Debug|Any CPU
		{D910814D-FCAF-4889-BDAF-052F13F87610}.Debug|iPhone.Build.0 = Debug|Any CPU
		{D910814D-FCAF-4889-BDAF-052F13F87610}.Debug|iPhone.Deploy.0 = Debug|Any CPU
		{D910814D-FCAF-4889-BDAF-052F13F87610}.Debug|iPhoneSimulator.ActiveCfg = Debug|Any CPU
		{D910814D-FCAF-4889-BDAF-052F13F87610}.Debug|iPhoneSimulator.Build.0 = Debug|Any CPU
		{D910814D-FCAF-4889-BDAF-052F13F87610}.Debug|iPhoneSimulator.Deploy.0 = Debug|Any CPU
		{D910814D-FCAF-4889-BDAF-052F13F87610}.Release|Any CPU.ActiveCfg = Release|Any CPU
		{D910814D-FCAF-4889-BDAF-052F13F87610}.Release|Any CPU.Build.0 = Release|Any CPU
		{D910814D-FCAF-4889-BDAF-052F13F87610}.Release|Any CPU.Deploy.0 = Release|Any CPU
		{D910814D-FCAF-4889-BDAF-052F13F87610}.Release|iPhone.ActiveCfg = Release|Any CPU
		{D910814D-FCAF-4889-BDAF-052F13F87610}.Release|iPhone.Build.0 = Release|Any CPU
		{D910814D-FCAF-4889-BDAF-052F13F87610}.Release|iPhone.Deploy.0 = Release|Any CPU
		{D910814D-FCAF-4889-BDAF-052F13F87610}.Release|iPhoneSimulator.ActiveCfg = Release|Any CPU
		{D910814D-FCAF-4889-BDAF-052F13F87610}.Release|iPhoneSimulator.Build.0 = Release|Any CPU
		{D910814D-FCAF-4889-BDAF-052F13F87610}.Release|iPhoneSimulator.Deploy.0 = Release|Any CPU
		{81188573-CA17-40BD-8487-6E104F554122}.Ad-Hoc|Any CPU.ActiveCfg = Ad-Hoc|iPhone
		{81188573-CA17-40BD-8487-6E104F554122}.Ad-Hoc|Any CPU.Build.0 = Ad-Hoc|iPhone
		{81188573-CA17-40BD-8487-6E104F554122}.Ad-Hoc|Any CPU.Deploy.0 = Ad-Hoc|iPhone
		{81188573-CA17-40BD-8487-6E104F554122}.Ad-Hoc|iPhone.ActiveCfg = Ad-Hoc|iPhone
		{81188573-CA17-40BD-8487-6E104F554122}.Ad-Hoc|iPhone.Build.0 = Ad-Hoc|iPhone
		{81188573-CA17-40BD-8487-6E104F554122}.Ad-Hoc|iPhone.Deploy.0 = Ad-Hoc|iPhone
		{81188573-CA17-40BD-8487-6E104F554122}.Ad-Hoc|iPhoneSimulator.ActiveCfg = Ad-Hoc|iPhoneSimulator
		{81188573-CA17-40BD-8487-6E104F554122}.Ad-Hoc|iPhoneSimulator.Build.0 = Ad-Hoc|iPhoneSimulator
		{81188573-CA17-40BD-8487-6E104F554122}.Ad-Hoc|iPhoneSimulator.Deploy.0 = Ad-Hoc|iPhoneSimulator
		{81188573-CA17-40BD-8487-6E104F554122}.AppStore|Any CPU.ActiveCfg = AppStore|iPhone
		{81188573-CA17-40BD-8487-6E104F554122}.AppStore|Any CPU.Build.0 = AppStore|iPhone
		{81188573-CA17-40BD-8487-6E104F554122}.AppStore|Any CPU.Deploy.0 = AppStore|iPhone
		{81188573-CA17-40BD-8487-6E104F554122}.AppStore|iPhone.ActiveCfg = AppStore|iPhone
		{81188573-CA17-40BD-8487-6E104F554122}.AppStore|iPhone.Build.0 = AppStore|iPhone
		{81188573-CA17-40BD-8487-6E104F554122}.AppStore|iPhone.Deploy.0 = AppStore|iPhone
		{81188573-CA17-40BD-8487-6E104F554122}.AppStore|iPhoneSimulator.ActiveCfg = AppStore|iPhoneSimulator
		{81188573-CA17-40BD-8487-6E104F554122}.AppStore|iPhoneSimulator.Build.0 = AppStore|iPhoneSimulator
		{81188573-CA17-40BD-8487-6E104F554122}.AppStore|iPhoneSimulator.Deploy.0 = AppStore|iPhoneSimulator
		{81188573-CA17-40BD-8487-6E104F554122}.Debug|Any CPU.ActiveCfg = Debug|iPhoneSimulator
		{81188573-CA17-40BD-8487-6E104F554122}.Debug|Any CPU.Build.0 = Debug|iPhoneSimulator
		{81188573-CA17-40BD-8487-6E104F554122}.Debug|Any CPU.Deploy.0 = Debug|iPhoneSimulator
		{81188573-CA17-40BD-8487-6E104F554122}.Debug|iPhone.ActiveCfg = Debug|iPhone
		{81188573-CA17-40BD-8487-6E104F554122}.Debug|iPhone.Build.0 = Debug|iPhone
		{81188573-CA17-40BD-8487-6E104F554122}.Debug|iPhone.Deploy.0 = Debug|iPhone
		{81188573-CA17-40BD-8487-6E104F554122}.Debug|iPhoneSimulator.ActiveCfg = Debug|iPhoneSimulator
		{81188573-CA17-40BD-8487-6E104F554122}.Debug|iPhoneSimulator.Build.0 = Debug|iPhoneSimulator
		{81188573-CA17-40BD-8487-6E104F554122}.Debug|iPhoneSimulator.Deploy.0 = Debug|iPhoneSimulator
		{81188573-CA17-40BD-8487-6E104F554122}.Release|Any CPU.ActiveCfg = Release|iPhone
		{81188573-CA17-40BD-8487-6E104F554122}.Release|Any CPU.Build.0 = Release|iPhone
		{81188573-CA17-40BD-8487-6E104F554122}.Release|Any CPU.Deploy.0 = Release|iPhone
		{81188573-CA17-40BD-8487-6E104F554122}.Release|iPhone.ActiveCfg = Release|iPhone
		{81188573-CA17-40BD-8487-6E104F554122}.Release|iPhone.Build.0 = Release|iPhone
		{81188573-CA17-40BD-8487-6E104F554122}.Release|iPhone.Deploy.0 = Release|iPhone
		{81188573-CA17-40BD-8487-6E104F554122}.Release|iPhoneSimulator.ActiveCfg = Release|iPhoneSimulator
		{81188573-CA17-40BD-8487-6E104F554122}.Release|iPhoneSimulator.Build.0 = Release|iPhoneSimulator
		{81188573-CA17-40BD-8487-6E104F554122}.Release|iPhoneSimulator.Deploy.0 = Release|iPhoneSimulator
		{07ED642B-8A77-4F7A-BFE9-36B397EB822D}.Ad-Hoc|Any CPU.ActiveCfg = Debug|Any CPU
		{07ED642B-8A77-4F7A-BFE9-36B397EB822D}.Ad-Hoc|Any CPU.Build.0 = Debug|Any CPU
		{07ED642B-8A77-4F7A-BFE9-36B397EB822D}.Ad-Hoc|Any CPU.Deploy.0 = Debug|Any CPU
		{07ED642B-8A77-4F7A-BFE9-36B397EB822D}.Ad-Hoc|iPhone.ActiveCfg = Debug|Any CPU
		{07ED642B-8A77-4F7A-BFE9-36B397EB822D}.Ad-Hoc|iPhone.Build.0 = Debug|Any CPU
		{07ED642B-8A77-4F7A-BFE9-36B397EB822D}.Ad-Hoc|iPhone.Deploy.0 = Debug|Any CPU
		{07ED642B-8A77-4F7A-BFE9-36B397EB822D}.Ad-Hoc|iPhoneSimulator.ActiveCfg = Debug|Any CPU
		{07ED642B-8A77-4F7A-BFE9-36B397EB822D}.Ad-Hoc|iPhoneSimulator.Build.0 = Debug|Any CPU
		{07ED642B-8A77-4F7A-BFE9-36B397EB822D}.Ad-Hoc|iPhoneSimulator.Deploy.0 = Debug|Any CPU
		{07ED642B-8A77-4F7A-BFE9-36B397EB822D}.AppStore|Any CPU.ActiveCfg = Debug|Any CPU
		{07ED642B-8A77-4F7A-BFE9-36B397EB822D}.AppStore|Any CPU.Build.0 = Debug|Any CPU
		{07ED642B-8A77-4F7A-BFE9-36B397EB822D}.AppStore|Any CPU.Deploy.0 = Debug|Any CPU
		{07ED642B-8A77-4F7A-BFE9-36B397EB822D}.AppStore|iPhone.ActiveCfg = Debug|Any CPU
		{07ED642B-8A77-4F7A-BFE9-36B397EB822D}.AppStore|iPhone.Build.0 = Debug|Any CPU
		{07ED642B-8A77-4F7A-BFE9-36B397EB822D}.AppStore|iPhone.Deploy.0 = Debug|Any CPU
		{07ED642B-8A77-4F7A-BFE9-36B397EB822D}.AppStore|iPhoneSimulator.ActiveCfg = Debug|Any CPU
		{07ED642B-8A77-4F7A-BFE9-36B397EB822D}.AppStore|iPhoneSimulator.Build.0 = Debug|Any CPU
		{07ED642B-8A77-4F7A-BFE9-36B397EB822D}.AppStore|iPhoneSimulator.Deploy.0 = Debug|Any CPU
		{07ED642B-8A77-4F7A-BFE9-36B397EB822D}.Debug|Any CPU.ActiveCfg = Debug|Any CPU
		{07ED642B-8A77-4F7A-BFE9-36B397EB822D}.Debug|Any CPU.Build.0 = Debug|Any CPU
		{07ED642B-8A77-4F7A-BFE9-36B397EB822D}.Debug|Any CPU.Deploy.0 = Debug|Any CPU
		{07ED642B-8A77-4F7A-BFE9-36B397EB822D}.Debug|iPhone.ActiveCfg = Debug|Any CPU
		{07ED642B-8A77-4F7A-BFE9-36B397EB822D}.Debug|iPhone.Build.0 = Debug|Any CPU
		{07ED642B-8A77-4F7A-BFE9-36B397EB822D}.Debug|iPhone.Deploy.0 = Debug|Any CPU
		{07ED642B-8A77-4F7A-BFE9-36B397EB822D}.Debug|iPhoneSimulator.ActiveCfg = Debug|Any CPU
		{07ED642B-8A77-4F7A-BFE9-36B397EB822D}.Debug|iPhoneSimulator.Build.0 = Debug|Any CPU
		{07ED642B-8A77-4F7A-BFE9-36B397EB822D}.Debug|iPhoneSimulator.Deploy.0 = Debug|Any CPU
		{07ED642B-8A77-4F7A-BFE9-36B397EB822D}.Release|Any CPU.ActiveCfg = Release|Any CPU
		{07ED642B-8A77-4F7A-BFE9-36B397EB822D}.Release|Any CPU.Build.0 = Release|Any CPU
		{07ED642B-8A77-4F7A-BFE9-36B397EB822D}.Release|Any CPU.Deploy.0 = Release|Any CPU
		{07ED642B-8A77-4F7A-BFE9-36B397EB822D}.Release|iPhone.ActiveCfg = Release|Any CPU
		{07ED642B-8A77-4F7A-BFE9-36B397EB822D}.Release|iPhone.Build.0 = Release|Any CPU
		{07ED642B-8A77-4F7A-BFE9-36B397EB822D}.Release|iPhone.Deploy.0 = Release|Any CPU
		{07ED642B-8A77-4F7A-BFE9-36B397EB822D}.Release|iPhoneSimulator.ActiveCfg = Release|Any CPU
		{07ED642B-8A77-4F7A-BFE9-36B397EB822D}.Release|iPhoneSimulator.Build.0 = Release|Any CPU
		{07ED642B-8A77-4F7A-BFE9-36B397EB822D}.Release|iPhoneSimulator.Deploy.0 = Release|Any CPU
	EndGlobalSection
	GlobalSection(SolutionProperties) = preSolution
		HideSolutionNode = FALSE
	EndGlobalSection
	GlobalSection(ExtensibilityGlobals) = postSolution
		SolutionGuid = {9802BD83-3889-448C-A58D-44C5ED95B916}
	EndGlobalSection
EndGlobal
